// !$*UTF8*$!
{
	archiveVersion = 1;
	classes = {
	};
	objectVersion = 55;
	objects = {

/* Begin PBXBuildFile section */
		3BC3FEF126F7A27200D08A12 /* Anaylytics_Page_UIApp.swift in Sources */ = {isa = PBXBuildFile; fileRef = 3BC3FEF026F7A27200D08A12 /* Anaylytics_Page_UIApp.swift */; };
		3BC3FEF326F7A27200D08A12 /* ContentView.swift in Sources */ = {isa = PBXBuildFile; fileRef = 3BC3FEF226F7A27200D08A12 /* ContentView.swift */; };
		3BC3FEF526F7A27300D08A12 /* Assets.xcassets in Resources */ = {isa = PBXBuildFile; fileRef = 3BC3FEF426F7A27300D08A12 /* Assets.xcassets */; };
		3BC3FEF826F7A27300D08A12 /* Preview Assets.xcassets in Resources */ = {isa = PBXBuildFile; fileRef = 3BC3FEF726F7A27300D08A12 /* Preview Assets.xcassets */; };
		3BC3FF0226F7A27400D08A12 /* Anaylytics_Page_UITests.swift in Sources */ = {isa = PBXBuildFile; fileRef = 3BC3FF0126F7A27400D08A12 /* Anaylytics_Page_UITests.swift */; };
		3BC3FF0C26F7A27400D08A12 /* Anaylytics_Page_UIUITests.swift in Sources */ = {isa = PBXBuildFile; fileRef = 3BC3FF0B26F7A27400D08A12 /* Anaylytics_Page_UIUITests.swift */; };
		3BC3FF0E26F7A27400D08A12 /* Anaylytics_Page_UIUITestsLaunchTests.swift in Sources */ = {isa = PBXBuildFile; fileRef = 3BC3FF0D26F7A27400D08A12 /* Anaylytics_Page_UIUITestsLaunchTests.swift */; };
/* End PBXBuildFile section */

/* Begin PBXContainerItemProxy section */
		3BC3FEFE26F7A27400D08A12 /* PBXContainerItemProxy */ = {
			isa = PBXContainerItemProxy;
			containerPortal = 3BC3FEE526F7A27200D08A12 /* Project object */;
			proxyType = 1;
			remoteGlobalIDString = 3BC3FEEC26F7A27200D08A12;
			remoteInfo = "Anaylytics Page UI";
		};
		3BC3FF0826F7A27400D08A12 /* PBXContainerItemProxy */ = {
			isa = PBXContainerItemProxy;
			containerPortal = 3BC3FEE526F7A27200D08A12 /* Project object */;
			proxyType = 1;
			remoteGlobalIDString = 3BC3FEEC26F7A27200D08A12;
			remoteInfo = "Anaylytics Page UI";
		};
/* End PBXContainerItemProxy section */

/* Begin PBXFileReference section */
		3BC3FEED26F7A27200D08A12 /* Anaylytics Page UI.app */ = {isa = PBXFileReference; explicitFileType = wrapper.application; includeInIndex = 0; path = "Anaylytics Page UI.app"; sourceTree = BUILT_PRODUCTS_DIR; };
		3BC3FEF026F7A27200D08A12 /* Anaylytics_Page_UIApp.swift */ = {isa = PBXFileReference; lastKnownFileType = sourcecode.swift; path = Anaylytics_Page_UIApp.swift; sourceTree = "<group>"; };
		3BC3FEF226F7A27200D08A12 /* ContentView.swift */ = {isa = PBXFileReference; lastKnownFileType = sourcecode.swift; path = ContentView.swift; sourceTree = "<group>"; };
		3BC3FEF426F7A27300D08A12 /* Assets.xcassets */ = {isa = PBXFileReference; lastKnownFileType = folder.assetcatalog; path = Assets.xcassets; sourceTree = "<group>"; };
		3BC3FEF726F7A27300D08A12 /* Preview Assets.xcassets */ = {isa = PBXFileReference; lastKnownFileType = folder.assetcatalog; path = "Preview Assets.xcassets"; sourceTree = "<group>"; };
		3BC3FEFD26F7A27400D08A12 /* Anaylytics Page UITests.xctest */ = {isa = PBXFileReference; explicitFileType = wrapper.cfbundle; includeInIndex = 0; path = "Anaylytics Page UITests.xctest"; sourceTree = BUILT_PRODUCTS_DIR; };
		3BC3FF0126F7A27400D08A12 /* Anaylytics_Page_UITests.swift */ = {isa = PBXFileReference; lastKnownFileType = sourcecode.swift; path = Anaylytics_Page_UITests.swift; sourceTree = "<group>"; };
		3BC3FF0726F7A27400D08A12 /* Anaylytics Page UIUITests.xctest */ = {isa = PBXFileReference; explicitFileType = wrapper.cfbundle; includeInIndex = 0; path = "Anaylytics Page UIUITests.xctest"; sourceTree = BUILT_PRODUCTS_DIR; };
		3BC3FF0B26F7A27400D08A12 /* Anaylytics_Page_UIUITests.swift */ = {isa = PBXFileReference; lastKnownFileType = sourcecode.swift; path = Anaylytics_Page_UIUITests.swift; sourceTree = "<group>"; };
		3BC3FF0D26F7A27400D08A12 /* Anaylytics_Page_UIUITestsLaunchTests.swift */ = {isa = PBXFileReference; lastKnownFileType = sourcecode.swift; path = Anaylytics_Page_UIUITestsLaunchTests.swift; sourceTree = "<group>"; };
/* End PBXFileReference section */

/* Begin PBXFrameworksBuildPhase section */
		3BC3FEEA26F7A27200D08A12 /* Frameworks */ = {
			isa = PBXFrameworksBuildPhase;
			buildActionMask = 2147483647;
			files = (
			);
			runOnlyForDeploymentPostprocessing = 0;
		};
		3BC3FEFA26F7A27400D08A12 /* Frameworks */ = {
			isa = PBXFrameworksBuildPhase;
			buildActionMask = 2147483647;
			files = (
			);
			runOnlyForDeploymentPostprocessing = 0;
		};
		3BC3FF0426F7A27400D08A12 /* Frameworks */ = {
			isa = PBXFrameworksBuildPhase;
			buildActionMask = 2147483647;
			files = (
			);
			runOnlyForDeploymentPostprocessing = 0;
		};
/* End PBXFrameworksBuildPhase section */

/* Begin PBXGroup section */
		3BC3FEE426F7A27200D08A12 = {
			isa = PBXGroup;
			children = (
				3BC3FEEF26F7A27200D08A12 /* Anaylytics Page UI */,
				3BC3FF0026F7A27400D08A12 /* Anaylytics Page UITests */,
				3BC3FF0A26F7A27400D08A12 /* Anaylytics Page UIUITests */,
				3BC3FEEE26F7A27200D08A12 /* Products */,
			);
			sourceTree = "<group>";
		};
		3BC3FEEE26F7A27200D08A12 /* Products */ = {
			isa = PBXGroup;
			children = (
				3BC3FEED26F7A27200D08A12 /* Anaylytics Page UI.app */,
				3BC3FEFD26F7A27400D08A12 /* Anaylytics Page UITests.xctest */,
				3BC3FF0726F7A27400D08A12 /* Anaylytics Page UIUITests.xctest */,
			);
			name = Products;
			sourceTree = "<group>";
		};
		3BC3FEEF26F7A27200D08A12 /* Anaylytics Page UI */ = {
			isa = PBXGroup;
			children = (
				3BC3FEF026F7A27200D08A12 /* Anaylytics_Page_UIApp.swift */,
				3BC3FEF226F7A27200D08A12 /* ContentView.swift */,
				3BC3FEF426F7A27300D08A12 /* Assets.xcassets */,
				3BC3FEF626F7A27300D08A12 /* Preview Content */,
			);
			path = "Anaylytics Page UI";
			sourceTree = "<group>";
		};
		3BC3FEF626F7A27300D08A12 /* Preview Content */ = {
			isa = PBXGroup;
			children = (
				3BC3FEF726F7A27300D08A12 /* Preview Assets.xcassets */,
			);
			path = "Preview Content";
			sourceTree = "<group>";
		};
		3BC3FF0026F7A27400D08A12 /* Anaylytics Page UITests */ = {
			isa = PBXGroup;
			children = (
				3BC3FF0126F7A27400D08A12 /* Anaylytics_Page_UITests.swift */,
			);
			path = "Anaylytics Page UITests";
			sourceTree = "<group>";
		};
		3BC3FF0A26F7A27400D08A12 /* Anaylytics Page UIUITests */ = {
			isa = PBXGroup;
			children = (
				3BC3FF0B26F7A27400D08A12 /* Anaylytics_Page_UIUITests.swift */,
				3BC3FF0D26F7A27400D08A12 /* Anaylytics_Page_UIUITestsLaunchTests.swift */,
			);
			path = "Anaylytics Page UIUITests";
			sourceTree = "<group>";
		};
/* End PBXGroup section */

/* Begin PBXNativeTarget section */
		3BC3FEEC26F7A27200D08A12 /* Anaylytics Page UI */ = {
			isa = PBXNativeTarget;
			buildConfigurationList = 3BC3FF1126F7A27400D08A12 /* Build configuration list for PBXNativeTarget "Anaylytics Page UI" */;
			buildPhases = (
				3BC3FEE926F7A27200D08A12 /* Sources */,
				3BC3FEEA26F7A27200D08A12 /* Frameworks */,
				3BC3FEEB26F7A27200D08A12 /* Resources */,
			);
			buildRules = (
			);
			dependencies = (
			);
			name = "Anaylytics Page UI";
			productName = "Anaylytics Page UI";
			productReference = 3BC3FEED26F7A27200D08A12 /* Anaylytics Page UI.app */;
			productType = "com.apple.product-type.application";
		};
		3BC3FEFC26F7A27400D08A12 /* Anaylytics Page UITests */ = {
			isa = PBXNativeTarget;
			buildConfigurationList = 3BC3FF1426F7A27400D08A12 /* Build configuration list for PBXNativeTarget "Anaylytics Page UITests" */;
			buildPhases = (
				3BC3FEF926F7A27400D08A12 /* Sources */,
				3BC3FEFA26F7A27400D08A12 /* Frameworks */,
				3BC3FEFB26F7A27400D08A12 /* Resources */,
			);
			buildRules = (
			);
			dependencies = (
				3BC3FEFF26F7A27400D08A12 /* PBXTargetDependency */,
			);
			name = "Anaylytics Page UITests";
			productName = "Anaylytics Page UITests";
			productReference = 3BC3FEFD26F7A27400D08A12 /* Anaylytics Page UITests.xctest */;
			productType = "com.apple.product-type.bundle.unit-test";
		};
		3BC3FF0626F7A27400D08A12 /* Anaylytics Page UIUITests */ = {
			isa = PBXNativeTarget;
			buildConfigurationList = 3BC3FF1726F7A27400D08A12 /* Build configuration list for PBXNativeTarget "Anaylytics Page UIUITests" */;
			buildPhases = (
				3BC3FF0326F7A27400D08A12 /* Sources */,
				3BC3FF0426F7A27400D08A12 /* Frameworks */,
				3BC3FF0526F7A27400D08A12 /* Resources */,
			);
			buildRules = (
			);
			dependencies = (
				3BC3FF0926F7A27400D08A12 /* PBXTargetDependency */,
			);
			name = "Anaylytics Page UIUITests";
			productName = "Anaylytics Page UIUITests";
			productReference = 3BC3FF0726F7A27400D08A12 /* Anaylytics Page UIUITests.xctest */;
			productType = "com.apple.product-type.bundle.ui-testing";
		};
/* End PBXNativeTarget section */

/* Begin PBXProject section */
		3BC3FEE526F7A27200D08A12 /* Project object */ = {
			isa = PBXProject;
			attributes = {
				BuildIndependentTargetsInParallel = 1;
				LastSwiftUpdateCheck = 1300;
				LastUpgradeCheck = 1300;
				TargetAttributes = {
					3BC3FEEC26F7A27200D08A12 = {
						CreatedOnToolsVersion = 13.0;
					};
					3BC3FEFC26F7A27400D08A12 = {
						CreatedOnToolsVersion = 13.0;
						TestTargetID = 3BC3FEEC26F7A27200D08A12;
					};
					3BC3FF0626F7A27400D08A12 = {
						CreatedOnToolsVersion = 13.0;
						TestTargetID = 3BC3FEEC26F7A27200D08A12;
					};
				};
			};
			buildConfigurationList = 3BC3FEE826F7A27200D08A12 /* Build configuration list for PBXProject "Anaylytics Page UI" */;
			compatibilityVersion = "Xcode 13.0";
			developmentRegion = en;
			hasScannedForEncodings = 0;
			knownRegions = (
				en,
				Base,
			);
			mainGroup = 3BC3FEE426F7A27200D08A12;
			productRefGroup = 3BC3FEEE26F7A27200D08A12 /* Products */;
			projectDirPath = "";
			projectRoot = "";
			targets = (
				3BC3FEEC26F7A27200D08A12 /* Anaylytics Page UI */,
				3BC3FEFC26F7A27400D08A12 /* Anaylytics Page UITests */,
				3BC3FF0626F7A27400D08A12 /* Anaylytics Page UIUITests */,
			);
		};
/* End PBXProject section */

/* Begin PBXResourcesBuildPhase section */
		3BC3FEEB26F7A27200D08A12 /* Resources */ = {
			isa = PBXResourcesBuildPhase;
			buildActionMask = 2147483647;
			files = (
				3BC3FEF826F7A27300D08A12 /* Preview Assets.xcassets in Resources */,
				3BC3FEF526F7A27300D08A12 /* Assets.xcassets in Resources */,
			);
			runOnlyForDeploymentPostprocessing = 0;
		};
		3BC3FEFB26F7A27400D08A12 /* Resources */ = {
			isa = PBXResourcesBuildPhase;
			buildActionMask = 2147483647;
			files = (
			);
			runOnlyForDeploymentPostprocessing = 0;
		};
		3BC3FF0526F7A27400D08A12 /* Resources */ = {
			isa = PBXResourcesBuildPhase;
			buildActionMask = 2147483647;
			files = (
			);
			runOnlyForDeploymentPostprocessing = 0;
		};
/* End PBXResourcesBuildPhase section */

/* Begin PBXSourcesBuildPhase section */
		3BC3FEE926F7A27200D08A12 /* Sources */ = {
			isa = PBXSourcesBuildPhase;
			buildActionMask = 2147483647;
			files = (
				3BC3FEF326F7A27200D08A12 /* ContentView.swift in Sources */,
				3BC3FEF126F7A27200D08A12 /* Anaylytics_Page_UIApp.swift in Sources */,
			);
			runOnlyForDeploymentPostprocessing = 0;
		};
		3BC3FEF926F7A27400D08A12 /* Sources */ = {
			isa = PBXSourcesBuildPhase;
			buildActionMask = 2147483647;
			files = (
				3BC3FF0226F7A27400D08A12 /* Anaylytics_Page_UITests.swift in Sources */,
			);
			runOnlyForDeploymentPostprocessing = 0;
		};
		3BC3FF0326F7A27400D08A12 /* Sources */ = {
			isa = PBXSourcesBuildPhase;
			buildActionMask = 2147483647;
			files = (
				3BC3FF0E26F7A27400D08A12 /* Anaylytics_Page_UIUITestsLaunchTests.swift in Sources */,
				3BC3FF0C26F7A27400D08A12 /* Anaylytics_Page_UIUITests.swift in Sources */,
			);
			runOnlyForDeploymentPostprocessing = 0;
		};
/* End PBXSourcesBuildPhase section */

/* Begin PBXTargetDependency section */
		3BC3FEFF26F7A27400D08A12 /* PBXTargetDependency */ = {
			isa = PBXTargetDependency;
			target = 3BC3FEEC26F7A27200D08A12 /* Anaylytics Page UI */;
			targetProxy = 3BC3FEFE26F7A27400D08A12 /* PBXContainerItemProxy */;
		};
		3BC3FF0926F7A27400D08A12 /* PBXTargetDependency */ = {
			isa = PBXTargetDependency;
			target = 3BC3FEEC26F7A27200D08A12 /* Anaylytics Page UI */;
			targetProxy = 3BC3FF0826F7A27400D08A12 /* PBXContainerItemProxy */;
		};
/* End PBXTargetDependency section */

/* Begin XCBuildConfiguration section */
		3BC3FF0F26F7A27400D08A12 /* Debug */ = {
			isa = XCBuildConfiguration;
			buildSettings = {
				ALWAYS_SEARCH_USER_PATHS = NO;
				CLANG_ANALYZER_NONNULL = YES;
				CLANG_ANALYZER_NUMBER_OBJECT_CONVERSION = YES_AGGRESSIVE;
				CLANG_CXX_LANGUAGE_STANDARD = "gnu++17";
				CLANG_CXX_LIBRARY = "libc++";
				CLANG_ENABLE_MODULES = YES;
				CLANG_ENABLE_OBJC_ARC = YES;
				CLANG_ENABLE_OBJC_WEAK = YES;
				CLANG_WARN_BLOCK_CAPTURE_AUTORELEASING = YES;
				CLANG_WARN_BOOL_CONVERSION = YES;
				CLANG_WARN_COMMA = YES;
				CLANG_WARN_CONSTANT_CONVERSION = YES;
				CLANG_WARN_DEPRECATED_OBJC_IMPLEMENTATIONS = YES;
				CLANG_WARN_DIRECT_OBJC_ISA_USAGE = YES_ERROR;
				CLANG_WARN_DOCUMENTATION_COMMENTS = YES;
				CLANG_WARN_EMPTY_BODY = YES;
				CLANG_WARN_ENUM_CONVERSION = YES;
				CLANG_WARN_INFINITE_RECURSION = YES;
				CLANG_WARN_INT_CONVERSION = YES;
				CLANG_WARN_NON_LITERAL_NULL_CONVERSION = YES;
				CLANG_WARN_OBJC_IMPLICIT_RETAIN_SELF = YES;
				CLANG_WARN_OBJC_LITERAL_CONVERSION = YES;
				CLANG_WARN_OBJC_ROOT_CLASS = YES_ERROR;
				CLANG_WARN_QUOTED_INCLUDE_IN_FRAMEWORK_HEADER = YES;
				CLANG_WARN_RANGE_LOOP_ANALYSIS = YES;
				CLANG_WARN_STRICT_PROTOTYPES = YES;
				CLANG_WARN_SUSPICIOUS_MOVE = YES;
				CLANG_WARN_UNGUARDED_AVAILABILITY = YES_AGGRESSIVE;
				CLANG_WARN_UNREACHABLE_CODE = YES;
				CLANG_WARN__DUPLICATE_METHOD_MATCH = YES;
				COPY_PHASE_STRIP = NO;
				DEBUG_INFORMATION_FORMAT = dwarf;
				ENABLE_STRICT_OBJC_MSGSEND = YES;
				ENABLE_TESTABILITY = YES;
				GCC_C_LANGUAGE_STANDARD = gnu11;
				GCC_DYNAMIC_NO_PIC = NO;
				GCC_NO_COMMON_BLOCKS = YES;
				GCC_OPTIMIZATION_LEVEL = 0;
				GCC_PREPROCESSOR_DEFINITIONS = (
					"DEBUG=1",
					"$(inherited)",
				);
				GCC_WARN_64_TO_32_BIT_CONVERSION = YES;
				GCC_WARN_ABOUT_RETURN_TYPE = YES_ERROR;
				GCC_WARN_UNDECLARED_SELECTOR = YES;
				GCC_WARN_UNINITIALIZED_AUTOS = YES_AGGRESSIVE;
				GCC_WARN_UNUSED_FUNCTION = YES;
				GCC_WARN_UNUSED_VARIABLE = YES;
				IPHONEOS_DEPLOYMENT_TARGET = 15.0;
				MTL_ENABLE_DEBUG_INFO = INCLUDE_SOURCE;
				MTL_FAST_MATH = YES;
				ONLY_ACTIVE_ARCH = YES;
				SDKROOT = iphoneos;
				SWIFT_ACTIVE_COMPILATION_CONDITIONS = DEBUG;
				SWIFT_OPTIMIZATION_LEVEL = "-Onone";
			};
			name = Debug;
		};
		3BC3FF1026F7A27400D08A12 /* Release */ = {
			isa = XCBuildConfiguration;
			buildSettings = {
				ALWAYS_SEARCH_USER_PATHS = NO;
				CLANG_ANALYZER_NONNULL = YES;
				CLANG_ANALYZER_NUMBER_OBJECT_CONVERSION = YES_AGGRESSIVE;
				CLANG_CXX_LANGUAGE_STANDARD = "gnu++17";
				CLANG_CXX_LIBRARY = "libc++";
				CLANG_ENABLE_MODULES = YES;
				CLANG_ENABLE_OBJC_ARC = YES;
				CLANG_ENABLE_OBJC_WEAK = YES;
				CLANG_WARN_BLOCK_CAPTURE_AUTORELEASING = YES;
				CLANG_WARN_BOOL_CONVERSION = YES;
				CLANG_WARN_COMMA = YES;
				CLANG_WARN_CONSTANT_CONVERSION = YES;
				CLANG_WARN_DEPRECATED_OBJC_IMPLEMENTATIONS = YES;
				CLANG_WARN_DIRECT_OBJC_ISA_USAGE = YES_ERROR;
				CLANG_WARN_DOCUMENTATION_COMMENTS = YES;
				CLANG_WARN_EMPTY_BODY = YES;
				CLANG_WARN_ENUM_CONVERSION = YES;
				CLANG_WARN_INFINITE_RECURSION = YES;
				CLANG_WARN_INT_CONVERSION = YES;
				CLANG_WARN_NON_LITERAL_NULL_CONVERSION = YES;
				CLANG_WARN_OBJC_IMPLICIT_RETAIN_SELF = YES;
				CLANG_WARN_OBJC_LITERAL_CONVERSION = YES;
				CLANG_WARN_OBJC_ROOT_CLASS = YES_ERROR;
				CLANG_WARN_QUOTED_INCLUDE_IN_FRAMEWORK_HEADER = YES;
				CLANG_WARN_RANGE_LOOP_ANALYSIS = YES;
				CLANG_WARN_STRICT_PROTOTYPES = YES;
				CLANG_WARN_SUSPICIOUS_MOVE = YES;
				CLANG_WARN_UNGUARDED_AVAILABILITY = YES_AGGRESSIVE;
				CLANG_WARN_UNREACHABLE_CODE = YES;
				CLANG_WARN__DUPLICATE_METHOD_MATCH = YES;
				COPY_PHASE_STRIP = NO;
				DEBUG_INFORMATION_FORMAT = "dwarf-with-dsym";
				ENABLE_NS_ASSERTIONS = NO;
				ENABLE_STRICT_OBJC_MSGSEND = YES;
				GCC_C_LANGUAGE_STANDARD = gnu11;
				GCC_NO_COMMON_BLOCKS = YES;
				GCC_WARN_64_TO_32_BIT_CONVERSION = YES;
				GCC_WARN_ABOUT_RETURN_TYPE = YES_ERROR;
				GCC_WARN_UNDECLARED_SELECTOR = YES;
				GCC_WARN_UNINITIALIZED_AUTOS = YES_AGGRESSIVE;
				GCC_WARN_UNUSED_FUNCTION = YES;
				GCC_WARN_UNUSED_VARIABLE = YES;
				IPHONEOS_DEPLOYMENT_TARGET = 15.0;
				MTL_ENABLE_DEBUG_INFO = NO;
				MTL_FAST_MATH = YES;
				SDKROOT = iphoneos;
				SWIFT_COMPILATION_MODE = wholemodule;
				SWIFT_OPTIMIZATION_LEVEL = "-O";
				VALIDATE_PRODUCT = YES;
			};
			name = Release;
		};
		3BC3FF1226F7A27400D08A12 /* Debug */ = {
			isa = XCBuildConfiguration;
			buildSettings = {
				ASSETCATALOG_COMPILER_APPICON_NAME = AppIcon;
				ASSETCATALOG_COMPILER_GLOBAL_ACCENT_COLOR_NAME = AccentColor;
				CODE_SIGN_STYLE = Automatic;
				CURRENT_PROJECT_VERSION = 1;
				DEVELOPMENT_ASSET_PATHS = "\"Anaylytics Page UI/Preview Content\"";
				DEVELOPMENT_TEAM = T36TC3XHYJ;
				ENABLE_PREVIEWS = YES;
				GENERATE_INFOPLIST_FILE = YES;
				INFOPLIST_KEY_UIApplicationSceneManifest_Generation = YES;
				INFOPLIST_KEY_UIApplicationSupportsIndirectInputEvents = YES;
				INFOPLIST_KEY_UILaunchScreen_Generation = YES;
				INFOPLIST_KEY_UISupportedInterfaceOrientations_iPad = "UIInterfaceOrientationPortrait UIInterfaceOrientationPortraitUpsideDown UIInterfaceOrientationLandscapeLeft UIInterfaceOrientationLandscapeRight";
				INFOPLIST_KEY_UISupportedInterfaceOrientations_iPhone = "UIInterfaceOrientationPortrait UIInterfaceOrientationLandscapeLeft UIInterfaceOrientationLandscapeRight";
				IPHONEOS_DEPLOYMENT_TARGET = 14.0;
				LD_RUNPATH_SEARCH_PATHS = (
					"$(inherited)",
					"@executable_path/Frameworks",
				);
				MARKETING_VERSION = 1.0;
				PRODUCT_BUNDLE_IDENTIFIER = "com.justin747.Anaylytics-Page-UI";
				PRODUCT_NAME = "$(TARGET_NAME)";
				SWIFT_EMIT_LOC_STRINGS = YES;
				SWIFT_VERSION = 5.0;
				TARGETED_DEVICE_FAMILY = "1,2";
			};
			name = Debug;
		};
		3BC3FF1326F7A27400D08A12 /* Release */ = {
			isa = XCBuildConfiguration;
			buildSettings = {
				ASSETCATALOG_COMPILER_APPICON_NAME = AppIcon;
				ASSETCATALOG_COMPILER_GLOBAL_ACCENT_COLOR_NAME = AccentColor;
				CODE_SIGN_STYLE = Automatic;
				CURRENT_PROJECT_VERSION = 1;
				DEVELOPMENT_ASSET_PATHS = "\"Anaylytics Page UI/Preview Content\"";
				DEVELOPMENT_TEAM = T36TC3XHYJ;
				ENABLE_PREVIEWS = YES;
				GENERATE_INFOPLIST_FILE = YES;
				INFOPLIST_KEY_UIApplicationSceneManifest_Generation = YES;
				INFOPLIST_KEY_UIApplicationSupportsIndirectInputEvents = YES;
				INFOPLIST_KEY_UILaunchScreen_Generation = YES;
				INFOPLIST_KEY_UISupportedInterfaceOrientations_iPad = "UIInterfaceOrientationPortrait UIInterfaceOrientationPortraitUpsideDown UIInterfaceOrientationLandscapeLeft UIInterfaceOrientationLandscapeRight";
				INFOPLIST_KEY_UISupportedInterfaceOrientations_iPhone = "UIInterfaceOrientationPortrait UIInterfaceOrientationLandscapeLeft UIInterfaceOrientationLandscapeRight";
				IPHONEOS_DEPLOYMENT_TARGET = 14.0;
				LD_RUNPATH_SEARCH_PATHS = (
					"$(inherited)",
					"@executable_path/Frameworks",
				);
				MARKETING_VERSION = 1.0;
				PRODUCT_BUNDLE_IDENTIFIER = "com.justin747.Anaylytics-Page-UI";
				PRODUCT_NAME = "$(TARGET_NAME)";
				SWIFT_EMIT_LOC_STRINGS = YES;
				SWIFT_VERSION = 5.0;
				TARGETED_DEVICE_FAMILY = "1,2";
			};
			name = Release;
		};
		3BC3FF1526F7A27400D08A12 /* Debug */ = {
			isa = XCBuildConfiguration;
			buildSettings = {
				ALWAYS_EMBED_SWIFT_STANDARD_LIBRARIES = YES;
				BUNDLE_LOADER = "$(TEST_HOST)";
				CODE_SIGN_STYLE = Automatic;
				CURRENT_PROJECT_VERSION = 1;
				DEVELOPMENT_TEAM = T36TC3XHYJ;
				GENERATE_INFOPLIST_FILE = YES;
				IPHONEOS_DEPLOYMENT_TARGET = 14.0;
				LD_RUNPATH_SEARCH_PATHS = (
					"$(inherited)",
					"@executable_path/Frameworks",
					"@loader_path/Frameworks",
				);
				MARKETING_VERSION = 1.0;
				PRODUCT_BUNDLE_IDENTIFIER = "com.justin747.Anaylytics-Page-UITests";
				PRODUCT_NAME = "$(TARGET_NAME)";
				SWIFT_EMIT_LOC_STRINGS = NO;
				SWIFT_VERSION = 5.0;
				TARGETED_DEVICE_FAMILY = "1,2";
				TEST_HOST = "$(BUILT_PRODUCTS_DIR)/Anaylytics Page UI.app/Anaylytics Page UI";
			};
			name = Debug;
		};
		3BC3FF1626F7A27400D08A12 /* Release */ = {
			isa = XCBuildConfiguration;
			buildSettings = {
				ALWAYS_EMBED_SWIFT_STANDARD_LIBRARIES = YES;
				BUNDLE_LOADER = "$(TEST_HOST)";
				CODE_SIGN_STYLE = Automatic;
				CURRENT_PROJECT_VERSION = 1;
				DEVELOPMENT_TEAM = T36TC3XHYJ;
				GENERATE_INFOPLIST_FILE = YES;
				IPHONEOS_DEPLOYMENT_TARGET = 14.0;
				LD_RUNPATH_SEARCH_PATHS = (
					"$(inherited)",
					"@executable_path/Frameworks",
					"@loader_path/Frameworks",
				);
				MARKETING_VERSION = 1.0;
				PRODUCT_BUNDLE_IDENTIFIER = "com.justin747.Anaylytics-Page-UITests";
				PRODUCT_NAME = "$(TARGET_NAME)";
				SWIFT_EMIT_LOC_STRINGS = NO;
				SWIFT_VERSION = 5.0;
				TARGETED_DEVICE_FAMILY = "1,2";
				TEST_HOST = "$(BUILT_PRODUCTS_DIR)/Anaylytics Page UI.app/Anaylytics Page UI";
			};
			name = Release;
		};
		3BC3FF1826F7A27400D08A12 /* Debug */ = {
			isa = XCBuildConfiguration;
			buildSettings = {
				ALWAYS_EMBED_SWIFT_STANDARD_LIBRARIES = YES;
				CODE_SIGN_STYLE = Automatic;
				CURRENT_PROJECT_VERSION = 1;
				DEVELOPMENT_TEAM = T36TC3XHYJ;
				GENERATE_INFOPLIST_FILE = YES;
				LD_RUNPATH_SEARCH_PATHS = (
					"$(inherited)",
					"@executable_path/Frameworks",
					"@loader_path/Frameworks",
				);
				MARKETING_VERSION = 1.0;
				PRODUCT_BUNDLE_IDENTIFIER = "com.justin747.Anaylytics-Page-UIUITests";
				PRODUCT_NAME = "$(TARGET_NAME)";
				SWIFT_EMIT_LOC_STRINGS = NO;
				SWIFT_VERSION = 5.0;
				TARGETED_DEVICE_FAMILY = "1,2";
				TEST_TARGET_NAME = "Anaylytics Page UI";
			};
			name = Debug;
		};
		3BC3FF1926F7A27400D08A12 /* Release */ = {
			isa = XCBuildConfiguration;
			buildSettings = {
				ALWAYS_EMBED_SWIFT_STANDARD_LIBRARIES = YES;
				CODE_SIGN_STYLE = Automatic;
				CURRENT_PROJECT_VERSION = 1;
				DEVELOPMENT_TEAM = T36TC3XHYJ;
				GENERATE_INFOPLIST_FILE = YES;
				LD_RUNPATH_SEARCH_PATHS = (
					"$(inherited)",
					"@executable_path/Frameworks",
					"@loader_path/Frameworks",
				);
				MARKETING_VERSION = 1.0;
				PRODUCT_BUNDLE_IDENTIFIER = "com.justin747.Anaylytics-Page-UIUITests";
				PRODUCT_NAME = "$(TARGET_NAME)";
				SWIFT_EMIT_LOC_STRINGS = NO;
				SWIFT_VERSION = 5.0;
				TARGETED_DEVICE_FAMILY = "1,2";
				TEST_TARGET_NAME = "Anaylytics Page UI";
			};
			name = Release;
		};
/* End XCBuildConfiguration section */

/* Begin XCConfigurationList section */
		3BC3FEE826F7A27200D08A12 /* Build configuration list for PBXProject "Anaylytics Page UI" */ = {
			isa = XCConfigurationList;
			buildConfigurations = (
				3BC3FF0F26F7A27400D08A12 /* Debug */,
				3BC3FF1026F7A27400D08A12 /* Release */,
			);
			defaultConfigurationIsVisible = 0;
			defaultConfigurationName = Release;
		};
		3BC3FF1126F7A27400D08A12 /* Build configuration list for PBXNativeTarget "Anaylytics Page UI" */ = {
			isa = XCConfigurationList;
			buildConfigurations = (
				3BC3FF1226F7A27400D08A12 /* Debug */,
				3BC3FF1326F7A27400D08A12 /* Release */,
			);
			defaultConfigurationIsVisible = 0;
			defaultConfigurationName = Release;
		};
		3BC3FF1426F7A27400D08A12 /* Build configuration list for PBXNativeTarget "Anaylytics Page UITests" */ = {
			isa = XCConfigurationList;
			buildConfigurations = (
				3BC3FF1526F7A27400D08A12 /* Debug */,
				3BC3FF1626F7A27400D08A12 /* Release */,
			);
			defaultConfigurationIsVisible = 0;
			defaultConfigurationName = Release;
		};
		3BC3FF1726F7A27400D08A12 /* Build configuration list for PBXNativeTarget "Anaylytics Page UIUITests" */ = {
			isa = XCConfigurationList;
			buildConfigurations = (
				3BC3FF1826F7A27400D08A12 /* Debug */,
				3BC3FF1926F7A27400D08A12 /* Release */,
			);
			defaultConfigurationIsVisible = 0;
			defaultConfigurationName = Release;
		};
/* End XCConfigurationList section */
	};
	rootObject = 3BC3FEE526F7A27200D08A12 /* Project object */;
}
